{
  "name": "normalize-elements",
  "version": "1.0.0",
  "lockfileVersion": 1,
  "requires": true,
  "dependencies": {
    "@alexspirgel/is-element": {
      "version": "1.0.4",
      "resolved": "https://registry.npmjs.org/@alexspirgel/is-element/-/is-element-1.0.4.tgz",
      "integrity": "sha512-kamRpwcx+R/CLJJR/pQnJJKsG9qiIjHo0qeMjyeMnRWOKgLZrBSo3Vmd/K6vfA69NT7VU65Z3pPE0K969mM4Qg==",
      "dev": true,
      "requires": {
        "@alexspirgel/is-plain-object": "^1.0.5"
      }
    },
    "@alexspirgel/is-plain-object": {
      "version": "1.0.6",
      "resolved": "https://registry.npmjs.org/@alexspirgel/is-plain-object/-/is-plain-object-1.0.6.tgz",
      "integrity": "sha512-JoDrUQpxtfZ1fu1y4CIWz9v1tBisz/39plGOV4LgBhDZUaGsLq5HOsXQ0ts69H7YCIf8emN2PVsvW4ZmclLR4Q==",
      "dev": true
    }
  }
}
